
Microsoft Visual Studio Solution File, Format Version 12.00
# Visual Studio 15
VisualStudioVersion = 15.0.26430.15
MinimumVisualStudioVersion = 10.0.40219.1
Project("{9A19103F-16F7-4668-BE54-9A1E7A4F7556}") = "Ch01_HelloCS", "Ch01_HelloCS\Ch01_HelloCS.csproj", "{EC4D6F56-6CB2-4765-893A-2826F203374A}"
EndProject
Project("{9A19103F-16F7-4668-BE54-9A1E7A4F7556}") = "Ch01_WelcomeDotNetCore", "Ch01_WelcomeDotNetCore\Ch01_WelcomeDotNetCore.csproj", "{3EF5A778-3C9F-4E80-B09F-0205A14570C5}"
EndProject
Global
	GlobalSection(SolutionConfigurationPlatforms) = preSolution
		Debug|Any CPU = Debug|Any CPU
		Release|Any CPU = Release|Any CPU
	EndGlobalSection
	GlobalSection(ProjectConfigurationPlatforms) = postSolution
		{EC4D6F56-6CB2-4765-893A-2826F203374A}.Debug|Any CPU.ActiveCfg = Debug|Any CPU
		{EC4D6F56-6CB2-4765-893A-2826F203374A}.Debug|Any CPU.Build.0 = Debug|Any CPU
		{EC4D6F56-6CB2-4765-893A-2826F203374A}.Release|Any CPU.ActiveCfg = Release|Any CPU
		{EC4D6F56-6CB2-4765-893A-2826F203374A}.Release|Any CPU.Build.0 = Release|Any CPU
		{3EF5A778-3C9F-4E80-B09F-0205A14570C5}.Debug|Any CPU.ActiveCfg = Debug|Any CPU
		{3EF5A778-3C9F-4E80-B09F-0205A14570C5}.Debug|Any CPU.Build.0 = Debug|Any CPU
		{3EF5A778-3C9F-4E80-B09F-0205A14570C5}.Release|Any CPU.ActiveCfg = Release|Any CPU
		{3EF5A778-3C9F-4E80-B09F-0205A14570C5}.Release|Any CPU.Build.0 = Release|Any CPU
	EndGlobalSection
	GlobalSection(SolutionProperties) = preSolution
		HideSolutionNode = FALSE
	EndGlobalSection
EndGlobal
